PATH
  remote: .
  specs:
    lucid-cumulus (0.11.2)
      aws-sdk (= 2.2.30)
      parse-cron (~> 0.1.4)

GEM
  remote: https://rubygems.org/
  specs:
    aws-sdk (2.2.30)
      aws-sdk-resources (= 2.2.30)
    aws-sdk-core (2.2.30)
      jmespath (~> 1.0)
    aws-sdk-resources (2.2.30)
      aws-sdk-core (= 2.2.30)
    deepsort (0.2.1)
    diff-lcs (1.2.5)
    jmespath (1.2)
      json (>= 1.8.1)
    json (1.8.3)
    parse-cron (0.1.4)
    rake (11.2.2)
    rspec (3.4.0)
      rspec-core (~> 3.4.0)
      rspec-expectations (~> 3.4.0)
      rspec-mocks (~> 3.4.0)
    rspec-core (3.4.4)
      rspec-support (~> 3.4.0)
    rspec-expectations (3.4.0)
      diff-lcs (>= 1.2.0, < 2.0)
      rspec-support (~> 3.4.0)
    rspec-mocks (3.4.1)
      diff-lcs (>= 1.2.0, < 2.0)
      rspec-support (~> 3.4.0)
    rspec-support (3.4.1)

PLATFORMS
  ruby

DEPENDENCIES
  deepsort
  lucid-cumulus!
  rake
  rspec

BUNDLED WITH
   1.12.5
